
Microsoft Visual Studio Solution File, Format Version 12.00
# Visual Studio Version 17
VisualStudioVersion = 17.6.33829.357
MinimumVisualStudioVersion = 10.0.40219.1
Project("{9A19103F-16F7-4668-BE54-9A1E7A4F7556}") = "StudentAttendanceTracker", "StudentAttendanceTracker\StudentAttendanceTracker.csproj", "{5C641D99-DC62-42F2-84B0-380A375F2898}"
EndProject
Global
	GlobalSection(SolutionConfigurationPlatforms) = preSolution
		Debug|Any CPU = Debug|Any CPU
		Release|Any CPU = Release|Any CPU
	EndGlobalSection
	GlobalSection(ProjectConfigurationPlatforms) = postSolution
		{5C641D99-DC62-42F2-84B0-380A375F2898}.Debug|Any CPU.ActiveCfg = Debug|Any CPU
		{5C641D99-DC62-42F2-84B0-380A375F2898}.Debug|Any CPU.Build.0 = Debug|Any CPU
		{5C641D99-DC62-42F2-84B0-380A375F2898}.Release|Any CPU.ActiveCfg = Release|Any CPU
		{5C641D99-DC62-42F2-84B0-380A375F2898}.Release|Any CPU.Build.0 = Release|Any CPU
	EndGlobalSection
	GlobalSection(SolutionProperties) = preSolution
		HideSolutionNode = FALSE
	EndGlobalSection
	GlobalSection(ExtensibilityGlobals) = postSolution
		SolutionGuid = {6DC4324B-370C-4188-842A-05A291389460}
	EndGlobalSection
EndGlobal
